{
  "name": "ajs-package",
  "version": "1.0.0",
  "lockfileVersion": 2,
  "requires": true,
  "packages": {
    "": {
      "name": "ajs-package",
      "version": "1.0.0",
      "license": "ISC",
      "dependencies": {
        "@markedone60/ajs_homework_platforms_3.1": "^1.0.0"
      }
    },
    "node_modules/@markedone60/ajs_homework_platforms_3.1": {
      "version": "1.0.0",
      "resolved": "https://npm.pkg.github.com/download/@markedone60/ajs_homework_platforms_3.1/1.0.0/eaca1defb0f21ab3ec5379e84db79de472021cfc",
      "integrity": "sha512-HSZVX2R9i1Eu2nUetuZoVNiwqUR+Y764r1gTEwSP14qa4oxQKoDUyF6g3JDuv9Ku7OErKuQriUunua5cLiILbw==",
      "license": "ISC"
    }
  },
  "dependencies": {
    "@markedone60/ajs_homework_platforms_3.1": {
      "version": "1.0.0",
      "resolved": "https://npm.pkg.github.com/download/@markedone60/ajs_homework_platforms_3.1/1.0.0/eaca1defb0f21ab3ec5379e84db79de472021cfc",
      "integrity": "sha512-HSZVX2R9i1Eu2nUetuZoVNiwqUR+Y764r1gTEwSP14qa4oxQKoDUyF6g3JDuv9Ku7OErKuQriUunua5cLiILbw=="
    }
  }
}
